
Microsoft Visual Studio Solution File, Format Version 12.00
# Visual Studio 15
VisualStudioVersion = 15.0.28010.2048
MinimumVisualStudioVersion = 10.0.40219.1
Project("{8BC9CEB8-8B4A-11D0-8D11-00A0C91BC942}") = "music-box-pc", "music-box-pc.vcxproj", "{A3D2806F-7793-486B-AA44-51DE0DB616EB}"
EndProject
Global
	GlobalSection(SolutionConfigurationPlatforms) = preSolution
		Debug|x86 = Debug|x86
		Release|x86 = Release|x86
	EndGlobalSection
	GlobalSection(ProjectConfigurationPlatforms) = postSolution
		{A3D2806F-7793-486B-AA44-51DE0DB616EB}.Debug|x86.ActiveCfg = Debug|Win32
		{A3D2806F-7793-486B-AA44-51DE0DB616EB}.Debug|x86.Build.0 = Debug|Win32
		{A3D2806F-7793-486B-AA44-51DE0DB616EB}.Release|x86.ActiveCfg = Release|Win32
		{A3D2806F-7793-486B-AA44-51DE0DB616EB}.Release|x86.Build.0 = Release|Win32
	EndGlobalSection
	GlobalSection(SolutionProperties) = preSolution
		HideSolutionNode = FALSE
	EndGlobalSection
	GlobalSection(ExtensibilityGlobals) = postSolution
		SolutionGuid = {CAC87D7F-FF51-4F47-9DE6-B9CFCFD93323}
	EndGlobalSection
EndGlobal
